{
  "name": "stencil-xregexp",
  "version": "0.0.1",
  "lockfileVersion": 1,
  "requires": true,
  "dependencies": {
    "@babel/runtime-corejs2": {
      "version": "7.4.3",
      "resolved": "https://registry.npmjs.org/@babel/runtime-corejs2/-/runtime-corejs2-7.4.3.tgz",
      "integrity": "sha512-anTLTF7IK8Hd5f73zpPzt875I27UaaTWARJlfMGgnmQhvEe1uNHQRKBUbXL0Gc0VEYiVzsHsTPso5XdK8NGvFg==",
      "requires": {
        "core-js": "^2.6.5",
        "regenerator-runtime": "^0.13.2"
      },
      "dependencies": {
        "core-js": {
          "version": "2.6.5",
          "resolved": "https://registry.npmjs.org/core-js/-/core-js-2.6.5.tgz",
          "integrity": "sha512-klh/kDpwX8hryYL14M9w/xei6vrv6sE8gTHDG7/T/+SEovB/G4ejwcfE/CBzO6Edsu+OETZMZ3wcX/EjUkrl5A=="
        }
      }
    },
    "@stencil/core": {
      "version": "1.0.0-alpha.13",
      "resolved": "https://registry.npmjs.org/@stencil/core/-/core-1.0.0-alpha.13.tgz",
      "integrity": "sha512-JI+JLOlZz68stE3cbrl/9Zc+Nt+eXOcP7schcktwvN73rVYf4stU6yNCHgLM28QH8cRI8lT/3KnlrKC3tidHhQ==",
      "dev": true,
      "requires": {
        "typescript": "3.4.4"
      }
    },
    "core-js": {
      "version": "3.0.1",
      "resolved": "https://registry.npmjs.org/core-js/-/core-js-3.0.1.tgz",
      "integrity": "sha512-sco40rF+2KlE0ROMvydjkrVMMG1vYilP2ALoRXcYR4obqbYIuV3Bg+51GEDW+HF8n7NRA+iaA4qD0nD9lo9mew==",
      "dev": true
    },
    "regenerator-runtime": {
      "version": "0.13.2",
      "resolved": "https://registry.npmjs.org/regenerator-runtime/-/regenerator-runtime-0.13.2.tgz",
      "integrity": "sha512-S/TQAZJO+D3m9xeN1WTI8dLKBBiRgXBlTJvbWjCThHWZj9EvHK70Ff50/tYj2J/fvBY6JtFVwRuazHN2E7M9BA=="
    },
    "typescript": {
      "version": "3.4.4",
      "resolved": "https://registry.npmjs.org/typescript/-/typescript-3.4.4.tgz",
      "integrity": "sha512-xt5RsIRCEaf6+j9AyOBgvVuAec0i92rgCaS3S+UVf5Z/vF2Hvtsw08wtUTJqp4djwznoAgjSxeCcU4r+CcDBJA==",
      "dev": true
    },
    "xregexp": {
      "version": "4.2.4",
      "resolved": "https://registry.npmjs.org/xregexp/-/xregexp-4.2.4.tgz",
      "integrity": "sha512-sO0bYdYeJAJBcJA8g7MJJX7UrOZIfJPd8U2SC7B2Dd/J24U0aQNoGp33shCaBSWeb0rD5rh6VBUIXOkGal1TZA==",
      "requires": {
        "@babel/runtime-corejs2": "^7.2.0"
      }
    }
  }
}
